// !$*UTF8*$!
{
	archiveVersion = 1;
	classes = {
	};
	objectVersion = 50;
	objects = {

/* Begin PBXBuildFile section */
		A3C385FD25938EB3005B01F5 /* AppDelegate.swift in Sources */ = {isa = PBXBuildFile; fileRef = A3C385FC25938EB3005B01F5 /* AppDelegate.swift */; };
		A3C385FF25938EB3005B01F5 /* SceneDelegate.swift in Sources */ = {isa = PBXBuildFile; fileRef = A3C385FE25938EB3005B01F5 /* SceneDelegate.swift */; };
		A3C3860125938EB3005B01F5 /* ViewController.swift in Sources */ = {isa = PBXBuildFile; fileRef = A3C3860025938EB3005B01F5 /* ViewController.swift */; };
		A3C3860425938EB3005B01F5 /* Main.storyboard in Resources */ = {isa = PBXBuildFile; fileRef = A3C3860225938EB3005B01F5 /* Main.storyboard */; };
		A3C3860625938EB4005B01F5 /* Assets.xcassets in Resources */ = {isa = PBXBuildFile; fileRef = A3C3860525938EB4005B01F5 /* Assets.xcassets */; };
		A3C3860925938EB4005B01F5 /* LaunchScreen.storyboard in Resources */ = {isa = PBXBuildFile; fileRef = A3C3860725938EB4005B01F5 /* LaunchScreen.storyboard */; };
/* End PBXBuildFile section */

/* Begin PBXFileReference section */
		A3C385F925938EB3005B01F5 /* SampleFolderStrucure.app */ = {isa = PBXFileReference; explicitFileType = wrapper.application; includeInIndex = 0; path = SampleFolderStrucure.app; sourceTree = BUILT_PRODUCTS_DIR; };
		A3C385FC25938EB3005B01F5 /* AppDelegate.swift */ = {isa = PBXFileReference; lastKnownFileType = sourcecode.swift; path = AppDelegate.swift; sourceTree = "<group>"; };
		A3C385FE25938EB3005B01F5 /* SceneDelegate.swift */ = {isa = PBXFileReference; lastKnownFileType = sourcecode.swift; path = SceneDelegate.swift; sourceTree = "<group>"; };
		A3C3860025938EB3005B01F5 /* ViewController.swift */ = {isa = PBXFileReference; lastKnownFileType = sourcecode.swift; path = ViewController.swift; sourceTree = "<group>"; };
		A3C3860325938EB3005B01F5 /* Base */ = {isa = PBXFileReference; lastKnownFileType = file.storyboard; name = Base; path = Base.lproj/Main.storyboard; sourceTree = "<group>"; };
		A3C3860525938EB4005B01F5 /* Assets.xcassets */ = {isa = PBXFileReference; lastKnownFileType = folder.assetcatalog; path = Assets.xcassets; sourceTree = "<group>"; };
		A3C3860825938EB4005B01F5 /* Base */ = {isa = PBXFileReference; lastKnownFileType = file.storyboard; name = Base; path = Base.lproj/LaunchScreen.storyboard; sourceTree = "<group>"; };
		A3C3860A25938EB4005B01F5 /* Info.plist */ = {isa = PBXFileReference; lastKnownFileType = text.plist.xml; path = Info.plist; sourceTree = "<group>"; };
/* End PBXFileReference section */

/* Begin PBXFrameworksBuildPhase section */
		A3C385F625938EB3005B01F5 /* Frameworks */ = {
			isa = PBXFrameworksBuildPhase;
			buildActionMask = 2147483647;
			files = (
			);
			runOnlyForDeploymentPostprocessing = 0;
		};
/* End PBXFrameworksBuildPhase section */

/* Begin PBXGroup section */
		A3C385F025938EB3005B01F5 = {
			isa = PBXGroup;
			children = (
				A3C385FB25938EB3005B01F5 /* SampleFolderStrucure */,
				A3C385FA25938EB3005B01F5 /* Products */,
			);
			sourceTree = "<group>";
		};
		A3C385FA25938EB3005B01F5 /* Products */ = {
			isa = PBXGroup;
			children = (
				A3C385F925938EB3005B01F5 /* SampleFolderStrucure.app */,
			);
			name = Products;
			sourceTree = "<group>";
		};
		A3C385FB25938EB3005B01F5 /* SampleFolderStrucure */ = {
			isa = PBXGroup;
			children = (
				A3C3863C2594882F005B01F5 /* Resources */,
				A3C386112594878A005B01F5 /* Classes */,
				A3C385FC25938EB3005B01F5 /* AppDelegate.swift */,
				A3C385FE25938EB3005B01F5 /* SceneDelegate.swift */,
				A3C3860025938EB3005B01F5 /* ViewController.swift */,
				A3C3860225938EB3005B01F5 /* Main.storyboard */,
				A3C3860525938EB4005B01F5 /* Assets.xcassets */,
				A3C3860725938EB4005B01F5 /* LaunchScreen.storyboard */,
				A3C3860A25938EB4005B01F5 /* Info.plist */,
			);
			path = SampleFolderStrucure;
			sourceTree = "<group>";
		};
		A3C386112594878A005B01F5 /* Classes */ = {
			isa = PBXGroup;
			children = (
				A3C386122594878A005B01F5 /* Core */,
				A3C386132594878A005B01F5 /* BusinessLogic */,
				A3C386162594878A005B01F5 /* Presentation */,
			);
			path = Classes;
			sourceTree = SOURCE_ROOT;
		};
		A3C386122594878A005B01F5 /* Core */ = {
			isa = PBXGroup;
			children = (
			);
			path = Core;
			sourceTree = "<group>";
		};
		A3C386132594878A005B01F5 /* BusinessLogic */ = {
			isa = PBXGroup;
			children = (
				A3C386142594878A005B01F5 /* Models */,
				A3C386152594878A005B01F5 /* Services */,
			);
			path = BusinessLogic;
			sourceTree = "<group>";
		};
		A3C386142594878A005B01F5 /* Models */ = {
			isa = PBXGroup;
			children = (
			);
			path = Models;
			sourceTree = "<group>";
		};
		A3C386152594878A005B01F5 /* Services */ = {
			isa = PBXGroup;
			children = (
			);
			path = Services;
			sourceTree = "<group>";
		};
		A3C386162594878A005B01F5 /* Presentation */ = {
			isa = PBXGroup;
			children = (
				A3C386172594878A005B01F5 /* Coordinators */,
				A3C386182594878A005B01F5 /* Modules */,
			);
			path = Presentation;
			sourceTree = "<group>";
		};
		A3C386172594878A005B01F5 /* Coordinators */ = {
			isa = PBXGroup;
			children = (
			);
			path = Coordinators;
			sourceTree = "<group>";
		};
		A3C386182594878A005B01F5 /* Modules */ = {
			isa = PBXGroup;
			children = (
			);
			path = Modules;
			sourceTree = "<group>";
		};
		A3C3863C2594882F005B01F5 /* Resources */ = {
			isa = PBXGroup;
			children = (
			);
			path = Resources;
			sourceTree = "<group>";
		};
/* End PBXGroup section */

/* Begin PBXNativeTarget section */
		A3C385F825938EB3005B01F5 /* SampleFolderStrucure */ = {
			isa = PBXNativeTarget;
			buildConfigurationList = A3C3860D25938EB4005B01F5 /* Build configuration list for PBXNativeTarget "SampleFolderStrucure" */;
			buildPhases = (
				A3C385F525938EB3005B01F5 /* Sources */,
				A3C385F625938EB3005B01F5 /* Frameworks */,
				A3C385F725938EB3005B01F5 /* Resources */,
			);
			buildRules = (
			);
			dependencies = (
			);
			name = SampleFolderStrucure;
			productName = SampleFolderStrucure;
			productReference = A3C385F925938EB3005B01F5 /* SampleFolderStrucure.app */;
			productType = "com.apple.product-type.application";
		};
/* End PBXNativeTarget section */

/* Begin PBXProject section */
		A3C385F125938EB3005B01F5 /* Project object */ = {
			isa = PBXProject;
			attributes = {
				LastSwiftUpdateCheck = 1220;
				LastUpgradeCheck = 1220;
				TargetAttributes = {
					A3C385F825938EB3005B01F5 = {
						CreatedOnToolsVersion = 12.2;
					};
				};
			};
			buildConfigurationList = A3C385F425938EB3005B01F5 /* Build configuration list for PBXProject "SampleFolderStrucure" */;
			compatibilityVersion = "Xcode 9.3";
			developmentRegion = en;
			hasScannedForEncodings = 0;
			knownRegions = (
				en,
				Base,
			);
			mainGroup = A3C385F025938EB3005B01F5;
			productRefGroup = A3C385FA25938EB3005B01F5 /* Products */;
			projectDirPath = "";
			projectRoot = "";
			targets = (
				A3C385F825938EB3005B01F5 /* SampleFolderStrucure */,
			);
		};
/* End PBXProject section */

/* Begin PBXResourcesBuildPhase section */
		A3C385F725938EB3005B01F5 /* Resources */ = {
			isa = PBXResourcesBuildPhase;
			buildActionMask = 2147483647;
			files = (
				A3C3860925938EB4005B01F5 /* LaunchScreen.storyboard in Resources */,
				A3C3860625938EB4005B01F5 /* Assets.xcassets in Resources */,
				A3C3860425938EB3005B01F5 /* Main.storyboard in Resources */,
			);
			runOnlyForDeploymentPostprocessing = 0;
		};
/* End PBXResourcesBuildPhase section */

/* Begin PBXSourcesBuildPhase section */
		A3C385F525938EB3005B01F5 /* Sources */ = {
			isa = PBXSourcesBuildPhase;
			buildActionMask = 2147483647;
			files = (
				A3C3860125938EB3005B01F5 /* ViewController.swift in Sources */,
				A3C385FD25938EB3005B01F5 /* AppDelegate.swift in Sources */,
				A3C385FF25938EB3005B01F5 /* SceneDelegate.swift in Sources */,
			);
			runOnlyForDeploymentPostprocessing = 0;
		};
/* End PBXSourcesBuildPhase section */

/* Begin PBXVariantGroup section */
		A3C3860225938EB3005B01F5 /* Main.storyboard */ = {
			isa = PBXVariantGroup;
			children = (
				A3C3860325938EB3005B01F5 /* Base */,
			);
			name = Main.storyboard;
			sourceTree = "<group>";
		};
		A3C3860725938EB4005B01F5 /* LaunchScreen.storyboard */ = {
			isa = PBXVariantGroup;
			children = (
				A3C3860825938EB4005B01F5 /* Base */,
			);
			name = LaunchScreen.storyboard;
			sourceTree = "<group>";
		};
/* End PBXVariantGroup section */

/* Begin XCBuildConfiguration section */
		A3C3860B25938EB4005B01F5 /* Debug */ = {
			isa = XCBuildConfiguration;
			buildSettings = {
				ALWAYS_SEARCH_USER_PATHS = NO;
				CLANG_ANALYZER_NONNULL = YES;
				CLANG_ANALYZER_NUMBER_OBJECT_CONVERSION = YES_AGGRESSIVE;
				CLANG_CXX_LANGUAGE_STANDARD = "gnu++14";
				CLANG_CXX_LIBRARY = "libc++";
				CLANG_ENABLE_MODULES = YES;
				CLANG_ENABLE_OBJC_ARC = YES;
				CLANG_ENABLE_OBJC_WEAK = YES;
				CLANG_WARN_BLOCK_CAPTURE_AUTORELEASING = YES;
				CLANG_WARN_BOOL_CONVERSION = YES;
				CLANG_WARN_COMMA = YES;
				CLANG_WARN_CONSTANT_CONVERSION = YES;
				CLANG_WARN_DEPRECATED_OBJC_IMPLEMENTATIONS = YES;
				CLANG_WARN_DIRECT_OBJC_ISA_USAGE = YES_ERROR;
				CLANG_WARN_DOCUMENTATION_COMMENTS = YES;
				CLANG_WARN_EMPTY_BODY = YES;
				CLANG_WARN_ENUM_CONVERSION = YES;
				CLANG_WARN_INFINITE_RECURSION = YES;
				CLANG_WARN_INT_CONVERSION = YES;
				CLANG_WARN_NON_LITERAL_NULL_CONVERSION = YES;
				CLANG_WARN_OBJC_IMPLICIT_RETAIN_SELF = YES;
				CLANG_WARN_OBJC_LITERAL_CONVERSION = YES;
				CLANG_WARN_OBJC_ROOT_CLASS = YES_ERROR;
				CLANG_WARN_QUOTED_INCLUDE_IN_FRAMEWORK_HEADER = YES;
				CLANG_WARN_RANGE_LOOP_ANALYSIS = YES;
				CLANG_WARN_STRICT_PROTOTYPES = YES;
				CLANG_WARN_SUSPICIOUS_MOVE = YES;
				CLANG_WARN_UNGUARDED_AVAILABILITY = YES_AGGRESSIVE;
				CLANG_WARN_UNREACHABLE_CODE = YES;
				CLANG_WARN__DUPLICATE_METHOD_MATCH = YES;
				COPY_PHASE_STRIP = NO;
				DEBUG_INFORMATION_FORMAT = dwarf;
				ENABLE_STRICT_OBJC_MSGSEND = YES;
				ENABLE_TESTABILITY = YES;
				GCC_C_LANGUAGE_STANDARD = gnu11;
				GCC_DYNAMIC_NO_PIC = NO;
				GCC_NO_COMMON_BLOCKS = YES;
				GCC_OPTIMIZATION_LEVEL = 0;
				GCC_PREPROCESSOR_DEFINITIONS = (
					"DEBUG=1",
					"$(inherited)",
				);
				GCC_WARN_64_TO_32_BIT_CONVERSION = YES;
				GCC_WARN_ABOUT_RETURN_TYPE = YES_ERROR;
				GCC_WARN_UNDECLARED_SELECTOR = YES;
				GCC_WARN_UNINITIALIZED_AUTOS = YES_AGGRESSIVE;
				GCC_WARN_UNUSED_FUNCTION = YES;
				GCC_WARN_UNUSED_VARIABLE = YES;
				IPHONEOS_DEPLOYMENT_TARGET = 14.2;
				MTL_ENABLE_DEBUG_INFO = INCLUDE_SOURCE;
				MTL_FAST_MATH = YES;
				ONLY_ACTIVE_ARCH = YES;
				SDKROOT = iphoneos;
				SWIFT_ACTIVE_COMPILATION_CONDITIONS = DEBUG;
				SWIFT_OPTIMIZATION_LEVEL = "-Onone";
			};
			name = Debug;
		};
		A3C3860C25938EB4005B01F5 /* Release */ = {
			isa = XCBuildConfiguration;
			buildSettings = {
				ALWAYS_SEARCH_USER_PATHS = NO;
				CLANG_ANALYZER_NONNULL = YES;
				CLANG_ANALYZER_NUMBER_OBJECT_CONVERSION = YES_AGGRESSIVE;
				CLANG_CXX_LANGUAGE_STANDARD = "gnu++14";
				CLANG_CXX_LIBRARY = "libc++";
				CLANG_ENABLE_MODULES = YES;
				CLANG_ENABLE_OBJC_ARC = YES;
				CLANG_ENABLE_OBJC_WEAK = YES;
				CLANG_WARN_BLOCK_CAPTURE_AUTORELEASING = YES;
				CLANG_WARN_BOOL_CONVERSION = YES;
				CLANG_WARN_COMMA = YES;
				CLANG_WARN_CONSTANT_CONVERSION = YES;
				CLANG_WARN_DEPRECATED_OBJC_IMPLEMENTATIONS = YES;
				CLANG_WARN_DIRECT_OBJC_ISA_USAGE = YES_ERROR;
				CLANG_WARN_DOCUMENTATION_COMMENTS = YES;
				CLANG_WARN_EMPTY_BODY = YES;
				CLANG_WARN_ENUM_CONVERSION = YES;
				CLANG_WARN_INFINITE_RECURSION = YES;
				CLANG_WARN_INT_CONVERSION = YES;
				CLANG_WARN_NON_LITERAL_NULL_CONVERSION = YES;
				CLANG_WARN_OBJC_IMPLICIT_RETAIN_SELF = YES;
				CLANG_WARN_OBJC_LITERAL_CONVERSION = YES;
				CLANG_WARN_OBJC_ROOT_CLASS = YES_ERROR;
				CLANG_WARN_QUOTED_INCLUDE_IN_FRAMEWORK_HEADER = YES;
				CLANG_WARN_RANGE_LOOP_ANALYSIS = YES;
				CLANG_WARN_STRICT_PROTOTYPES = YES;
				CLANG_WARN_SUSPICIOUS_MOVE = YES;
				CLANG_WARN_UNGUARDED_AVAILABILITY = YES_AGGRESSIVE;
				CLANG_WARN_UNREACHABLE_CODE = YES;
				CLANG_WARN__DUPLICATE_METHOD_MATCH = YES;
				COPY_PHASE_STRIP = NO;
				DEBUG_INFORMATION_FORMAT = "dwarf-with-dsym";
				ENABLE_NS_ASSERTIONS = NO;
				ENABLE_STRICT_OBJC_MSGSEND = YES;
				GCC_C_LANGUAGE_STANDARD = gnu11;
				GCC_NO_COMMON_BLOCKS = YES;
				GCC_WARN_64_TO_32_BIT_CONVERSION = YES;
				GCC_WARN_ABOUT_RETURN_TYPE = YES_ERROR;
				GCC_WARN_UNDECLARED_SELECTOR = YES;
				GCC_WARN_UNINITIALIZED_AUTOS = YES_AGGRESSIVE;
				GCC_WARN_UNUSED_FUNCTION = YES;
				GCC_WARN_UNUSED_VARIABLE = YES;
				IPHONEOS_DEPLOYMENT_TARGET = 14.2;
				MTL_ENABLE_DEBUG_INFO = NO;
				MTL_FAST_MATH = YES;
				SDKROOT = iphoneos;
				SWIFT_COMPILATION_MODE = wholemodule;
				SWIFT_OPTIMIZATION_LEVEL = "-O";
				VALIDATE_PRODUCT = YES;
			};
			name = Release;
		};
		A3C3860E25938EB4005B01F5 /* Debug */ = {
			isa = XCBuildConfiguration;
			buildSettings = {
				ASSETCATALOG_COMPILER_APPICON_NAME = AppIcon;
				ASSETCATALOG_COMPILER_GLOBAL_ACCENT_COLOR_NAME = AccentColor;
				CODE_SIGN_STYLE = Automatic;
				DEVELOPMENT_TEAM = A5KVFWW9PB;
				INFOPLIST_FILE = SampleFolderStrucure/Info.plist;
				LD_RUNPATH_SEARCH_PATHS = (
					"$(inherited)",
					"@executable_path/Frameworks",
				);
				PRODUCT_BUNDLE_IDENTIFIER = com.socialkit.SampleFolderStrucure;
				PRODUCT_NAME = "$(TARGET_NAME)";
				SWIFT_VERSION = 5.0;
				TARGETED_DEVICE_FAMILY = "1,2";
			};
			name = Debug;
		};
		A3C3860F25938EB4005B01F5 /* Release */ = {
			isa = XCBuildConfiguration;
			buildSettings = {
				ASSETCATALOG_COMPILER_APPICON_NAME = AppIcon;
				ASSETCATALOG_COMPILER_GLOBAL_ACCENT_COLOR_NAME = AccentColor;
				CODE_SIGN_STYLE = Automatic;
				DEVELOPMENT_TEAM = A5KVFWW9PB;
				INFOPLIST_FILE = SampleFolderStrucure/Info.plist;
				LD_RUNPATH_SEARCH_PATHS = (
					"$(inherited)",
					"@executable_path/Frameworks",
				);
				PRODUCT_BUNDLE_IDENTIFIER = com.socialkit.SampleFolderStrucure;
				PRODUCT_NAME = "$(TARGET_NAME)";
				SWIFT_VERSION = 5.0;
				TARGETED_DEVICE_FAMILY = "1,2";
			};
			name = Release;
		};
/* End XCBuildConfiguration section */

/* Begin XCConfigurationList section */
		A3C385F425938EB3005B01F5 /* Build configuration list for PBXProject "SampleFolderStrucure" */ = {
			isa = XCConfigurationList;
			buildConfigurations = (
				A3C3860B25938EB4005B01F5 /* Debug */,
				A3C3860C25938EB4005B01F5 /* Release */,
			);
			defaultConfigurationIsVisible = 0;
			defaultConfigurationName = Release;
		};
		A3C3860D25938EB4005B01F5 /* Build configuration list for PBXNativeTarget "SampleFolderStrucure" */ = {
			isa = XCConfigurationList;
			buildConfigurations = (
				A3C3860E25938EB4005B01F5 /* Debug */,
				A3C3860F25938EB4005B01F5 /* Release */,
			);
			defaultConfigurationIsVisible = 0;
			defaultConfigurationName = Release;
		};
/* End XCConfigurationList section */
	};
	rootObject = A3C385F125938EB3005B01F5 /* Project object */;
}
